// !$*UTF8*$!
{
	archiveVersion = 1;
	classes = {
	};
	objectVersion = 50;
	objects = {

/* Begin PBXBuildFile section */
		554C9BA5235DE410003AD81F /* RoundButton.swift in Sources */ = {isa = PBXBuildFile; fileRef = 554C9BA4235DE410003AD81F /* RoundButton.swift */; };
		554C9BA7235DF38F003AD81F /* Assets.xcassets in Resources */ = {isa = PBXBuildFile; fileRef = 554C9BA6235DF38E003AD81F /* Assets.xcassets */; };
		55C33C4A234B733600354397 /* AppDelegate.swift in Sources */ = {isa = PBXBuildFile; fileRef = 55C33C49234B733600354397 /* AppDelegate.swift */; };
		55C33C4E234B733600354397 /* ViewController.swift in Sources */ = {isa = PBXBuildFile; fileRef = 55C33C4D234B733600354397 /* ViewController.swift */; };
		55C33C51234B733600354397 /* Main.storyboard in Resources */ = {isa = PBXBuildFile; fileRef = 55C33C4F234B733600354397 /* Main.storyboard */; };
		55C33C56234B733800354397 /* LaunchScreen.storyboard in Resources */ = {isa = PBXBuildFile; fileRef = 55C33C54234B733800354397 /* LaunchScreen.storyboard */; };
		55C33C62234CB98100354397 /* GraphView.swift in Sources */ = {isa = PBXBuildFile; fileRef = 55C33C61234CB98100354397 /* GraphView.swift */; };
		55C33C64234CBA4400354397 /* CoinController.swift in Sources */ = {isa = PBXBuildFile; fileRef = 55C33C63234CBA4400354397 /* CoinController.swift */; };
		55C33C67234F50F700354397 /* ViewCollectionViewCell.swift in Sources */ = {isa = PBXBuildFile; fileRef = 55C33C65234F50F700354397 /* ViewCollectionViewCell.swift */; };
		55C33C68234F50F700354397 /* ViewCollectionViewCell.xib in Resources */ = {isa = PBXBuildFile; fileRef = 55C33C66234F50F700354397 /* ViewCollectionViewCell.xib */; };
		55C33C6A234F536B00354397 /* AulaViewController.swift in Sources */ = {isa = PBXBuildFile; fileRef = 55C33C69234F536B00354397 /* AulaViewController.swift */; };
		55C33C6C234F576C00354397 /* TeoriaViewController.swift in Sources */ = {isa = PBXBuildFile; fileRef = 55C33C6B234F576C00354397 /* TeoriaViewController.swift */; };
		55C33C6E234F639400354397 /* QuizViewController.swift in Sources */ = {isa = PBXBuildFile; fileRef = 55C33C6D234F639400354397 /* QuizViewController.swift */; };
		55C33C70234F70D200354397 /* Question.swift in Sources */ = {isa = PBXBuildFile; fileRef = 55C33C6F234F70D200354397 /* Question.swift */; };
		55C33C72234F71FB00354397 /* QuestionBank.swift in Sources */ = {isa = PBXBuildFile; fileRef = 55C33C71234F71FB00354397 /* QuestionBank.swift */; };
		55C33C742360815700354397 /* Usuario.swift in Sources */ = {isa = PBXBuildFile; fileRef = 55C33C732360815700354397 /* Usuario.swift */; };
		55C33C782360917100354397 /* PerfilTableViewController.swift in Sources */ = {isa = PBXBuildFile; fileRef = 55C33C772360917100354397 /* PerfilTableViewController.swift */; };
/* End PBXBuildFile section */

/* Begin PBXFileReference section */
		5503E640234B7D9B00E5574A /* pt-BR */ = {isa = PBXFileReference; lastKnownFileType = text.plist.strings; name = "pt-BR"; path = "pt-BR.lproj/Main.strings"; sourceTree = "<group>"; };
		5503E641234B7D9B00E5574A /* pt-BR */ = {isa = PBXFileReference; lastKnownFileType = text.plist.strings; name = "pt-BR"; path = "pt-BR.lproj/LaunchScreen.strings"; sourceTree = "<group>"; };
		554C9BA4235DE410003AD81F /* RoundButton.swift */ = {isa = PBXFileReference; lastKnownFileType = sourcecode.swift; path = RoundButton.swift; sourceTree = "<group>"; };
		554C9BA6235DF38E003AD81F /* Assets.xcassets */ = {isa = PBXFileReference; lastKnownFileType = folder.assetcatalog; path = Assets.xcassets; sourceTree = "<group>"; };
		55C33C46234B733600354397 /* BitLearning.app */ = {isa = PBXFileReference; explicitFileType = wrapper.application; includeInIndex = 0; path = BitLearning.app; sourceTree = BUILT_PRODUCTS_DIR; };
		55C33C49234B733600354397 /* AppDelegate.swift */ = {isa = PBXFileReference; lastKnownFileType = sourcecode.swift; path = AppDelegate.swift; sourceTree = "<group>"; };
		55C33C4D234B733600354397 /* ViewController.swift */ = {isa = PBXFileReference; lastKnownFileType = sourcecode.swift; path = ViewController.swift; sourceTree = "<group>"; };
		55C33C50234B733600354397 /* Base */ = {isa = PBXFileReference; lastKnownFileType = file.storyboard; name = Base; path = Base.lproj/Main.storyboard; sourceTree = "<group>"; };
		55C33C55234B733800354397 /* Base */ = {isa = PBXFileReference; lastKnownFileType = file.storyboard; name = Base; path = Base.lproj/LaunchScreen.storyboard; sourceTree = "<group>"; };
		55C33C57234B733800354397 /* Info.plist */ = {isa = PBXFileReference; lastKnownFileType = text.plist.xml; path = Info.plist; sourceTree = "<group>"; };
		55C33C61234CB98100354397 /* GraphView.swift */ = {isa = PBXFileReference; lastKnownFileType = sourcecode.swift; path = GraphView.swift; sourceTree = "<group>"; };
		55C33C63234CBA4400354397 /* CoinController.swift */ = {isa = PBXFileReference; lastKnownFileType = sourcecode.swift; path = CoinController.swift; sourceTree = "<group>"; };
		55C33C65234F50F700354397 /* ViewCollectionViewCell.swift */ = {isa = PBXFileReference; lastKnownFileType = sourcecode.swift; path = ViewCollectionViewCell.swift; sourceTree = "<group>"; };
		55C33C66234F50F700354397 /* ViewCollectionViewCell.xib */ = {isa = PBXFileReference; lastKnownFileType = file.xib; path = ViewCollectionViewCell.xib; sourceTree = "<group>"; };
		55C33C69234F536B00354397 /* AulaViewController.swift */ = {isa = PBXFileReference; lastKnownFileType = sourcecode.swift; path = AulaViewController.swift; sourceTree = "<group>"; };
		55C33C6B234F576C00354397 /* TeoriaViewController.swift */ = {isa = PBXFileReference; lastKnownFileType = sourcecode.swift; path = TeoriaViewController.swift; sourceTree = "<group>"; };
		55C33C6D234F639400354397 /* QuizViewController.swift */ = {isa = PBXFileReference; lastKnownFileType = sourcecode.swift; path = QuizViewController.swift; sourceTree = "<group>"; };
		55C33C6F234F70D200354397 /* Question.swift */ = {isa = PBXFileReference; lastKnownFileType = sourcecode.swift; path = Question.swift; sourceTree = "<group>"; };
		55C33C71234F71FB00354397 /* QuestionBank.swift */ = {isa = PBXFileReference; lastKnownFileType = sourcecode.swift; path = QuestionBank.swift; sourceTree = "<group>"; };
		55C33C732360815700354397 /* Usuario.swift */ = {isa = PBXFileReference; lastKnownFileType = sourcecode.swift; path = Usuario.swift; sourceTree = "<group>"; };
		55C33C772360917100354397 /* PerfilTableViewController.swift */ = {isa = PBXFileReference; lastKnownFileType = sourcecode.swift; path = PerfilTableViewController.swift; sourceTree = "<group>"; };
/* End PBXFileReference section */

/* Begin PBXFrameworksBuildPhase section */
		55C33C43234B733600354397 /* Frameworks */ = {
			isa = PBXFrameworksBuildPhase;
			buildActionMask = 2147483647;
			files = (
			);
			runOnlyForDeploymentPostprocessing = 0;
		};
/* End PBXFrameworksBuildPhase section */

/* Begin PBXGroup section */
		55C33C3D234B733600354397 = {
			isa = PBXGroup;
			children = (
				55C33C48234B733600354397 /* BitLearning */,
				55C33C47234B733600354397 /* Products */,
			);
			sourceTree = "<group>";
		};
		55C33C47234B733600354397 /* Products */ = {
			isa = PBXGroup;
			children = (
				55C33C46234B733600354397 /* BitLearning.app */,
			);
			name = Products;
			sourceTree = "<group>";
		};
		55C33C48234B733600354397 /* BitLearning */ = {
			isa = PBXGroup;
			children = (
				55C33C49234B733600354397 /* AppDelegate.swift */,
				55C33C61234CB98100354397 /* GraphView.swift */,
				55C33C4D234B733600354397 /* ViewController.swift */,
				55C33C4F234B733600354397 /* Main.storyboard */,
				554C9BA4235DE410003AD81F /* RoundButton.swift */,
				554C9BA6235DF38E003AD81F /* Assets.xcassets */,
				55C33C6D234F639400354397 /* QuizViewController.swift */,
				55C33C6F234F70D200354397 /* Question.swift */,
				55C33C71234F71FB00354397 /* QuestionBank.swift */,
				55C33C6B234F576C00354397 /* TeoriaViewController.swift */,
				55C33C69234F536B00354397 /* AulaViewController.swift */,
				55C33C65234F50F700354397 /* ViewCollectionViewCell.swift */,
				55C33C66234F50F700354397 /* ViewCollectionViewCell.xib */,
				55C33C63234CBA4400354397 /* CoinController.swift */,
				55C33C54234B733800354397 /* LaunchScreen.storyboard */,
				55C33C57234B733800354397 /* Info.plist */,
				55C33C732360815700354397 /* Usuario.swift */,
				55C33C772360917100354397 /* PerfilTableViewController.swift */,
			);
			path = BitLearning;
			sourceTree = "<group>";
		};
/* End PBXGroup section */

/* Begin PBXNativeTarget section */
		55C33C45234B733600354397 /* BitLearning */ = {
			isa = PBXNativeTarget;
			buildConfigurationList = 55C33C5A234B733800354397 /* Build configuration list for PBXNativeTarget "BitLearning" */;
			buildPhases = (
				55C33C42234B733600354397 /* Sources */,
				55C33C43234B733600354397 /* Frameworks */,
				55C33C44234B733600354397 /* Resources */,
			);
			buildRules = (
			);
			dependencies = (
			);
			name = BitLearning;
			productName = BitLearning;
			productReference = 55C33C46234B733600354397 /* BitLearning.app */;
			productType = "com.apple.product-type.application";
		};
/* End PBXNativeTarget section */

/* Begin PBXProject section */
		55C33C3E234B733600354397 /* Project object */ = {
			isa = PBXProject;
			attributes = {
				LastSwiftUpdateCheck = 1100;
				LastUpgradeCheck = 1100;
				ORGANIZATIONNAME = "Aluno Mack";
				TargetAttributes = {
					55C33C45234B733600354397 = {
						CreatedOnToolsVersion = 11.0;
					};
				};
			};
			buildConfigurationList = 55C33C41234B733600354397 /* Build configuration list for PBXProject "BitLearning" */;
			compatibilityVersion = "Xcode 9.3";
			developmentRegion = en;
			hasScannedForEncodings = 0;
			knownRegions = (
				en,
				Base,
				"pt-BR",
			);
			mainGroup = 55C33C3D234B733600354397;
			productRefGroup = 55C33C47234B733600354397 /* Products */;
			projectDirPath = "";
			projectRoot = "";
			targets = (
				55C33C45234B733600354397 /* BitLearning */,
			);
		};
/* End PBXProject section */

/* Begin PBXResourcesBuildPhase section */
		55C33C44234B733600354397 /* Resources */ = {
			isa = PBXResourcesBuildPhase;
			buildActionMask = 2147483647;
			files = (
				55C33C56234B733800354397 /* LaunchScreen.storyboard in Resources */,
				55C33C68234F50F700354397 /* ViewCollectionViewCell.xib in Resources */,
				554C9BA7235DF38F003AD81F /* Assets.xcassets in Resources */,
				55C33C51234B733600354397 /* Main.storyboard in Resources */,
			);
			runOnlyForDeploymentPostprocessing = 0;
		};
/* End PBXResourcesBuildPhase section */

/* Begin PBXSourcesBuildPhase section */
		55C33C42234B733600354397 /* Sources */ = {
			isa = PBXSourcesBuildPhase;
			buildActionMask = 2147483647;
			files = (
				55C33C6C234F576C00354397 /* TeoriaViewController.swift in Sources */,
				55C33C4E234B733600354397 /* ViewController.swift in Sources */,
				55C33C782360917100354397 /* PerfilTableViewController.swift in Sources */,
				55C33C64234CBA4400354397 /* CoinController.swift in Sources */,
				55C33C72234F71FB00354397 /* QuestionBank.swift in Sources */,
				554C9BA5235DE410003AD81F /* RoundButton.swift in Sources */,
				55C33C4A234B733600354397 /* AppDelegate.swift in Sources */,
				55C33C6A234F536B00354397 /* AulaViewController.swift in Sources */,
				55C33C70234F70D200354397 /* Question.swift in Sources */,
				55C33C742360815700354397 /* Usuario.swift in Sources */,
				55C33C67234F50F700354397 /* ViewCollectionViewCell.swift in Sources */,
				55C33C6E234F639400354397 /* QuizViewController.swift in Sources */,
				55C33C62234CB98100354397 /* GraphView.swift in Sources */,
			);
			runOnlyForDeploymentPostprocessing = 0;
		};
/* End PBXSourcesBuildPhase section */

/* Begin PBXVariantGroup section */
		55C33C4F234B733600354397 /* Main.storyboard */ = {
			isa = PBXVariantGroup;
			children = (
				55C33C50234B733600354397 /* Base */,
				5503E640234B7D9B00E5574A /* pt-BR */,
			);
			name = Main.storyboard;
			sourceTree = "<group>";
		};
		55C33C54234B733800354397 /* LaunchScreen.storyboard */ = {
			isa = PBXVariantGroup;
			children = (
				55C33C55234B733800354397 /* Base */,
				5503E641234B7D9B00E5574A /* pt-BR */,
			);
			name = LaunchScreen.storyboard;
			sourceTree = "<group>";
		};
/* End PBXVariantGroup section */

/* Begin XCBuildConfiguration section */
		55C33C58234B733800354397 /* Debug */ = {
			isa = XCBuildConfiguration;
			buildSettings = {
				ALWAYS_SEARCH_USER_PATHS = NO;
				CLANG_ANALYZER_NONNULL = YES;
				CLANG_ANALYZER_NUMBER_OBJECT_CONVERSION = YES_AGGRESSIVE;
				CLANG_CXX_LANGUAGE_STANDARD = "gnu++14";
				CLANG_CXX_LIBRARY = "libc++";
				CLANG_ENABLE_MODULES = YES;
				CLANG_ENABLE_OBJC_ARC = YES;
				CLANG_ENABLE_OBJC_WEAK = YES;
				CLANG_WARN_BLOCK_CAPTURE_AUTORELEASING = YES;
				CLANG_WARN_BOOL_CONVERSION = YES;
				CLANG_WARN_COMMA = YES;
				CLANG_WARN_CONSTANT_CONVERSION = YES;
				CLANG_WARN_DEPRECATED_OBJC_IMPLEMENTATIONS = YES;
				CLANG_WARN_DIRECT_OBJC_ISA_USAGE = YES_ERROR;
				CLANG_WARN_DOCUMENTATION_COMMENTS = YES;
				CLANG_WARN_EMPTY_BODY = YES;
				CLANG_WARN_ENUM_CONVERSION = YES;
				CLANG_WARN_INFINITE_RECURSION = YES;
				CLANG_WARN_INT_CONVERSION = YES;
				CLANG_WARN_NON_LITERAL_NULL_CONVERSION = YES;
				CLANG_WARN_OBJC_IMPLICIT_RETAIN_SELF = YES;
				CLANG_WARN_OBJC_LITERAL_CONVERSION = YES;
				CLANG_WARN_OBJC_ROOT_CLASS = YES_ERROR;
				CLANG_WARN_RANGE_LOOP_ANALYSIS = YES;
				CLANG_WARN_STRICT_PROTOTYPES = YES;
				CLANG_WARN_SUSPICIOUS_MOVE = YES;
				CLANG_WARN_UNGUARDED_AVAILABILITY = YES_AGGRESSIVE;
				CLANG_WARN_UNREACHABLE_CODE = YES;
				CLANG_WARN__DUPLICATE_METHOD_MATCH = YES;
				COPY_PHASE_STRIP = NO;
				DEBUG_INFORMATION_FORMAT = dwarf;
				ENABLE_STRICT_OBJC_MSGSEND = YES;
				ENABLE_TESTABILITY = YES;
				GCC_C_LANGUAGE_STANDARD = gnu11;
				GCC_DYNAMIC_NO_PIC = NO;
				GCC_NO_COMMON_BLOCKS = YES;
				GCC_OPTIMIZATION_LEVEL = 0;
				GCC_PREPROCESSOR_DEFINITIONS = (
					"DEBUG=1",
					"$(inherited)",
				);
				GCC_WARN_64_TO_32_BIT_CONVERSION = YES;
				GCC_WARN_ABOUT_RETURN_TYPE = YES_ERROR;
				GCC_WARN_UNDECLARED_SELECTOR = YES;
				GCC_WARN_UNINITIALIZED_AUTOS = YES_AGGRESSIVE;
				GCC_WARN_UNUSED_FUNCTION = YES;
				GCC_WARN_UNUSED_VARIABLE = YES;
				IPHONEOS_DEPLOYMENT_TARGET = 13.0;
				MTL_ENABLE_DEBUG_INFO = INCLUDE_SOURCE;
				MTL_FAST_MATH = YES;
				ONLY_ACTIVE_ARCH = YES;
				SDKROOT = iphoneos;
				SWIFT_ACTIVE_COMPILATION_CONDITIONS = DEBUG;
				SWIFT_OPTIMIZATION_LEVEL = "-Onone";
			};
			name = Debug;
		};
		55C33C59234B733800354397 /* Release */ = {
			isa = XCBuildConfiguration;
			buildSettings = {
				ALWAYS_SEARCH_USER_PATHS = NO;
				CLANG_ANALYZER_NONNULL = YES;
				CLANG_ANALYZER_NUMBER_OBJECT_CONVERSION = YES_AGGRESSIVE;
				CLANG_CXX_LANGUAGE_STANDARD = "gnu++14";
				CLANG_CXX_LIBRARY = "libc++";
				CLANG_ENABLE_MODULES = YES;
				CLANG_ENABLE_OBJC_ARC = YES;
				CLANG_ENABLE_OBJC_WEAK = YES;
				CLANG_WARN_BLOCK_CAPTURE_AUTORELEASING = YES;
				CLANG_WARN_BOOL_CONVERSION = YES;
				CLANG_WARN_COMMA = YES;
				CLANG_WARN_CONSTANT_CONVERSION = YES;
				CLANG_WARN_DEPRECATED_OBJC_IMPLEMENTATIONS = YES;
				CLANG_WARN_DIRECT_OBJC_ISA_USAGE = YES_ERROR;
				CLANG_WARN_DOCUMENTATION_COMMENTS = YES;
				CLANG_WARN_EMPTY_BODY = YES;
				CLANG_WARN_ENUM_CONVERSION = YES;
				CLANG_WARN_INFINITE_RECURSION = YES;
				CLANG_WARN_INT_CONVERSION = YES;
				CLANG_WARN_NON_LITERAL_NULL_CONVERSION = YES;
				CLANG_WARN_OBJC_IMPLICIT_RETAIN_SELF = YES;
				CLANG_WARN_OBJC_LITERAL_CONVERSION = YES;
				CLANG_WARN_OBJC_ROOT_CLASS = YES_ERROR;
				CLANG_WARN_RANGE_LOOP_ANALYSIS = YES;
				CLANG_WARN_STRICT_PROTOTYPES = YES;
				CLANG_WARN_SUSPICIOUS_MOVE = YES;
				CLANG_WARN_UNGUARDED_AVAILABILITY = YES_AGGRESSIVE;
				CLANG_WARN_UNREACHABLE_CODE = YES;
				CLANG_WARN__DUPLICATE_METHOD_MATCH = YES;
				COPY_PHASE_STRIP = NO;
				DEBUG_INFORMATION_FORMAT = "dwarf-with-dsym";
				ENABLE_NS_ASSERTIONS = NO;
				ENABLE_STRICT_OBJC_MSGSEND = YES;
				GCC_C_LANGUAGE_STANDARD = gnu11;
				GCC_NO_COMMON_BLOCKS = YES;
				GCC_WARN_64_TO_32_BIT_CONVERSION = YES;
				GCC_WARN_ABOUT_RETURN_TYPE = YES_ERROR;
				GCC_WARN_UNDECLARED_SELECTOR = YES;
				GCC_WARN_UNINITIALIZED_AUTOS = YES_AGGRESSIVE;
				GCC_WARN_UNUSED_FUNCTION = YES;
				GCC_WARN_UNUSED_VARIABLE = YES;
				IPHONEOS_DEPLOYMENT_TARGET = 13.0;
				MTL_ENABLE_DEBUG_INFO = NO;
				MTL_FAST_MATH = YES;
				SDKROOT = iphoneos;
				SWIFT_COMPILATION_MODE = wholemodule;
				SWIFT_OPTIMIZATION_LEVEL = "-O";
				VALIDATE_PRODUCT = YES;
			};
			name = Release;
		};
		55C33C5B234B733800354397 /* Debug */ = {
			isa = XCBuildConfiguration;
			buildSettings = {
				ASSETCATALOG_COMPILER_APPICON_NAME = AppIcon;
				CODE_SIGN_STYLE = Automatic;
				INFOPLIST_FILE = BitLearning/Info.plist;
				IPHONEOS_DEPLOYMENT_TARGET = 12.1;
				LD_RUNPATH_SEARCH_PATHS = (
					"$(inherited)",
					"@executable_path/Frameworks",
				);
				PRODUCT_BUNDLE_IDENTIFIER = Mackenzie.BitLearning;
				PRODUCT_NAME = "$(TARGET_NAME)";
				SWIFT_VERSION = 4.2;
				TARGETED_DEVICE_FAMILY = "1,2";
			};
			name = Debug;
		};
		55C33C5C234B733800354397 /* Release */ = {
			isa = XCBuildConfiguration;
			buildSettings = {
				ASSETCATALOG_COMPILER_APPICON_NAME = AppIcon;
				CODE_SIGN_STYLE = Automatic;
				INFOPLIST_FILE = BitLearning/Info.plist;
				IPHONEOS_DEPLOYMENT_TARGET = 12.1;
				LD_RUNPATH_SEARCH_PATHS = (
					"$(inherited)",
					"@executable_path/Frameworks",
				);
				PRODUCT_BUNDLE_IDENTIFIER = Mackenzie.BitLearning;
				PRODUCT_NAME = "$(TARGET_NAME)";
				SWIFT_VERSION = 4.2;
				TARGETED_DEVICE_FAMILY = "1,2";
			};
			name = Release;
		};
/* End XCBuildConfiguration section */

/* Begin XCConfigurationList section */
		55C33C41234B733600354397 /* Build configuration list for PBXProject "BitLearning" */ = {
			isa = XCConfigurationList;
			buildConfigurations = (
				55C33C58234B733800354397 /* Debug */,
				55C33C59234B733800354397 /* Release */,
			);
			defaultConfigurationIsVisible = 0;
			defaultConfigurationName = Release;
		};
		55C33C5A234B733800354397 /* Build configuration list for PBXNativeTarget "BitLearning" */ = {
			isa = XCConfigurationList;
			buildConfigurations = (
				55C33C5B234B733800354397 /* Debug */,
				55C33C5C234B733800354397 /* Release */,
			);
			defaultConfigurationIsVisible = 0;
			defaultConfigurationName = Release;
		};
/* End XCConfigurationList section */
	};
	rootObject = 55C33C3E234B733600354397 /* Project object */;
}
